
Microsoft Visual Studio Solution File, Format Version 12.00
# Visual Studio Version 17
VisualStudioVersion = 17.9.34728.123
MinimumVisualStudioVersion = 10.0.40219.1
Project("{9A19103F-16F7-4668-BE54-9A1E7A4F7556}") = "universidadApiBackend", "universidadApiBackend\universidadApiBackend.csproj", "{D4B07D66-63DE-4C20-A833-A486A9F7F7C3}"
EndProject
Project("{FAE04EC0-301F-11D3-BF4B-00C04F79EFBC}") = "LinkqSnippets", "LinkqSnippets\LinkqSnippets.csproj", "{71FCBC5A-19F8-41AA-ABAF-2B13B2021E15}"
EndProject
Global
	GlobalSection(SolutionConfigurationPlatforms) = preSolution
		Debug|Any CPU = Debug|Any CPU
		Release|Any CPU = Release|Any CPU
	EndGlobalSection
	GlobalSection(ProjectConfigurationPlatforms) = postSolution
		{D4B07D66-63DE-4C20-A833-A486A9F7F7C3}.Debug|Any CPU.ActiveCfg = Debug|Any CPU
		{D4B07D66-63DE-4C20-A833-A486A9F7F7C3}.Debug|Any CPU.Build.0 = Debug|Any CPU
		{D4B07D66-63DE-4C20-A833-A486A9F7F7C3}.Release|Any CPU.ActiveCfg = Release|Any CPU
		{D4B07D66-63DE-4C20-A833-A486A9F7F7C3}.Release|Any CPU.Build.0 = Release|Any CPU
		{71FCBC5A-19F8-41AA-ABAF-2B13B2021E15}.Debug|Any CPU.ActiveCfg = Debug|Any CPU
		{71FCBC5A-19F8-41AA-ABAF-2B13B2021E15}.Debug|Any CPU.Build.0 = Debug|Any CPU
		{71FCBC5A-19F8-41AA-ABAF-2B13B2021E15}.Release|Any CPU.ActiveCfg = Release|Any CPU
		{71FCBC5A-19F8-41AA-ABAF-2B13B2021E15}.Release|Any CPU.Build.0 = Release|Any CPU
	EndGlobalSection
	GlobalSection(SolutionProperties) = preSolution
		HideSolutionNode = FALSE
	EndGlobalSection
	GlobalSection(ExtensibilityGlobals) = postSolution
		SolutionGuid = {AAA39907-01A7-4A16-94DC-F2FC57162386}
	EndGlobalSection
EndGlobal
