
Microsoft Visual Studio Solution File, Format Version 12.00
# Visual Studio Version 17
VisualStudioVersion = 17.0.31903.59
MinimumVisualStudioVersion = 10.0.40219.1
Project("{FAE04EC0-301F-11D3-BF4B-00C04F79EFBC}") = "AppMVC", "AppMVC\AppMVC.csproj", "{71D692CD-4512-49B8-A06F-635BEC57EDFC}"
EndProject
Project("{FAE04EC0-301F-11D3-BF4B-00C04F79EFBC}") = "ApiWeb", "ApiWeb\ApiWeb.csproj", "{26EE8358-442F-47AD-AF64-173BE719DE8B}"
EndProject
Project("{FAE04EC0-301F-11D3-BF4B-00C04F79EFBC}") = "MyLib", "MyLib\MyLib.csproj", "{ACA273AD-EA0A-4B18-AEF4-2E2CC1CCEB16}"
EndProject
Project("{FAE04EC0-301F-11D3-BF4B-00C04F79EFBC}") = "XunitTests", "XunitTests\XunitTests.csproj", "{59D38941-2EBB-481F-A23D-ABA4B878E7E0}"
EndProject
Global
	GlobalSection(SolutionConfigurationPlatforms) = preSolution
		Debug|Any CPU = Debug|Any CPU
		Release|Any CPU = Release|Any CPU
	EndGlobalSection
	GlobalSection(SolutionProperties) = preSolution
		HideSolutionNode = FALSE
	EndGlobalSection
	GlobalSection(ProjectConfigurationPlatforms) = postSolution
		{71D692CD-4512-49B8-A06F-635BEC57EDFC}.Debug|Any CPU.ActiveCfg = Debug|Any CPU
		{71D692CD-4512-49B8-A06F-635BEC57EDFC}.Debug|Any CPU.Build.0 = Debug|Any CPU
		{71D692CD-4512-49B8-A06F-635BEC57EDFC}.Release|Any CPU.ActiveCfg = Release|Any CPU
		{71D692CD-4512-49B8-A06F-635BEC57EDFC}.Release|Any CPU.Build.0 = Release|Any CPU
		{26EE8358-442F-47AD-AF64-173BE719DE8B}.Debug|Any CPU.ActiveCfg = Debug|Any CPU
		{26EE8358-442F-47AD-AF64-173BE719DE8B}.Debug|Any CPU.Build.0 = Debug|Any CPU
		{26EE8358-442F-47AD-AF64-173BE719DE8B}.Release|Any CPU.ActiveCfg = Release|Any CPU
		{26EE8358-442F-47AD-AF64-173BE719DE8B}.Release|Any CPU.Build.0 = Release|Any CPU
		{ACA273AD-EA0A-4B18-AEF4-2E2CC1CCEB16}.Debug|Any CPU.ActiveCfg = Debug|Any CPU
		{ACA273AD-EA0A-4B18-AEF4-2E2CC1CCEB16}.Debug|Any CPU.Build.0 = Debug|Any CPU
		{ACA273AD-EA0A-4B18-AEF4-2E2CC1CCEB16}.Release|Any CPU.ActiveCfg = Release|Any CPU
		{ACA273AD-EA0A-4B18-AEF4-2E2CC1CCEB16}.Release|Any CPU.Build.0 = Release|Any CPU
		{59D38941-2EBB-481F-A23D-ABA4B878E7E0}.Debug|Any CPU.ActiveCfg = Debug|Any CPU
		{59D38941-2EBB-481F-A23D-ABA4B878E7E0}.Debug|Any CPU.Build.0 = Debug|Any CPU
		{59D38941-2EBB-481F-A23D-ABA4B878E7E0}.Release|Any CPU.ActiveCfg = Release|Any CPU
		{59D38941-2EBB-481F-A23D-ABA4B878E7E0}.Release|Any CPU.Build.0 = Release|Any CPU
	EndGlobalSection
EndGlobal
